
Microsoft Visual Studio Solution File, Format Version 12.00
# Visual Studio Version 17
VisualStudioVersion = 17.14.36202.13 d17.14
MinimumVisualStudioVersion = 10.0.40219.1
Project("{FAE04EC0-301F-11D3-BF4B-00C04F79EFBC}") = "Attacks", "Attacks.csproj", "{8CAB7210-082A-48CE-A53C-349A8B936442}"
EndProject
Global
	GlobalSection(SolutionConfigurationPlatforms) = preSolution
		Debug|Any CPU = Debug|Any CPU
		Release|Any CPU = Release|Any CPU
	EndGlobalSection
	GlobalSection(ProjectConfigurationPlatforms) = postSolution
		{8CAB7210-082A-48CE-A53C-349A8B936442}.Debug|Any CPU.ActiveCfg = Debug|Any CPU
		{8CAB7210-082A-48CE-A53C-349A8B936442}.Debug|Any CPU.Build.0 = Debug|Any CPU
		{8CAB7210-082A-48CE-A53C-349A8B936442}.Release|Any CPU.ActiveCfg = Release|Any CPU
		{8CAB7210-082A-48CE-A53C-349A8B936442}.Release|Any CPU.Build.0 = Release|Any CPU
	EndGlobalSection
	GlobalSection(SolutionProperties) = preSolution
		HideSolutionNode = FALSE
	EndGlobalSection
	GlobalSection(ExtensibilityGlobals) = postSolution
		SolutionGuid = {01F66E26-8F52-49E7-BECE-8A303DDEDB96}
	EndGlobalSection
EndGlobal
