
Microsoft Visual Studio Solution File, Format Version 12.00
# Visual Studio Version 17
VisualStudioVersion = 17.14.36202.13 d17.14
MinimumVisualStudioVersion = 10.0.40219.1
Project("{FAE04EC0-301F-11D3-BF4B-00C04F79EFBC}") = "TheHengesOfElegedd", "TheHengesOfElegedd.csproj", "{8F031994-E5E0-45F9-BEEA-8EB2908EFEBD}"
EndProject
Global
	GlobalSection(SolutionConfigurationPlatforms) = preSolution
		Debug|Any CPU = Debug|Any CPU
		Release|Any CPU = Release|Any CPU
	EndGlobalSection
	GlobalSection(ProjectConfigurationPlatforms) = postSolution
		{8F031994-E5E0-45F9-BEEA-8EB2908EFEBD}.Debug|Any CPU.ActiveCfg = Debug|Any CPU
		{8F031994-E5E0-45F9-BEEA-8EB2908EFEBD}.Debug|Any CPU.Build.0 = Debug|Any CPU
		{8F031994-E5E0-45F9-BEEA-8EB2908EFEBD}.Release|Any CPU.ActiveCfg = Release|Any CPU
		{8F031994-E5E0-45F9-BEEA-8EB2908EFEBD}.Release|Any CPU.Build.0 = Release|Any CPU
	EndGlobalSection
	GlobalSection(SolutionProperties) = preSolution
		HideSolutionNode = FALSE
	EndGlobalSection
	GlobalSection(ExtensibilityGlobals) = postSolution
		SolutionGuid = {F2F02574-0F66-4EA8-87AF-731134907662}
	EndGlobalSection
EndGlobal
