
Microsoft Visual Studio Solution File, Format Version 12.00
# Visual Studio Version 17
VisualStudioVersion = 17.14.36202.13 d17.14
MinimumVisualStudioVersion = 10.0.40219.1
Project("{FAE04EC0-301F-11D3-BF4B-00C04F79EFBC}") = "TheLawsOfFreach", "TheLawsOfFreach.csproj", "{B379A0E6-E65E-4231-96B8-3B22C0819510}"
EndProject
Global
	GlobalSection(SolutionConfigurationPlatforms) = preSolution
		Debug|Any CPU = Debug|Any CPU
		Release|Any CPU = Release|Any CPU
	EndGlobalSection
	GlobalSection(ProjectConfigurationPlatforms) = postSolution
		{B379A0E6-E65E-4231-96B8-3B22C0819510}.Debug|Any CPU.ActiveCfg = Debug|Any CPU
		{B379A0E6-E65E-4231-96B8-3B22C0819510}.Debug|Any CPU.Build.0 = Debug|Any CPU
		{B379A0E6-E65E-4231-96B8-3B22C0819510}.Release|Any CPU.ActiveCfg = Release|Any CPU
		{B379A0E6-E65E-4231-96B8-3B22C0819510}.Release|Any CPU.Build.0 = Release|Any CPU
	EndGlobalSection
	GlobalSection(SolutionProperties) = preSolution
		HideSolutionNode = FALSE
	EndGlobalSection
	GlobalSection(ExtensibilityGlobals) = postSolution
		SolutionGuid = {063C017E-0794-4BB2-9ECD-75F84EC73EC7}
	EndGlobalSection
EndGlobal
