
Microsoft Visual Studio Solution File, Format Version 12.00
# Visual Studio Version 17
VisualStudioVersion = 17.14.36202.13 d17.14
MinimumVisualStudioVersion = 10.0.40219.1
Project("{FAE04EC0-301F-11D3-BF4B-00C04F79EFBC}") = "Pits", "Pits.csproj", "{2948F04B-B5B6-4EA7-9B0E-AA00507E68E4}"
EndProject
Global
	GlobalSection(SolutionConfigurationPlatforms) = preSolution
		Debug|Any CPU = Debug|Any CPU
		Release|Any CPU = Release|Any CPU
	EndGlobalSection
	GlobalSection(ProjectConfigurationPlatforms) = postSolution
		{2948F04B-B5B6-4EA7-9B0E-AA00507E68E4}.Debug|Any CPU.ActiveCfg = Debug|Any CPU
		{2948F04B-B5B6-4EA7-9B0E-AA00507E68E4}.Debug|Any CPU.Build.0 = Debug|Any CPU
		{2948F04B-B5B6-4EA7-9B0E-AA00507E68E4}.Release|Any CPU.ActiveCfg = Release|Any CPU
		{2948F04B-B5B6-4EA7-9B0E-AA00507E68E4}.Release|Any CPU.Build.0 = Release|Any CPU
	EndGlobalSection
	GlobalSection(SolutionProperties) = preSolution
		HideSolutionNode = FALSE
	EndGlobalSection
	GlobalSection(ExtensibilityGlobals) = postSolution
		SolutionGuid = {8B5F909D-4A7C-4A82-8AB7-EA04ACA9A167}
	EndGlobalSection
EndGlobal
