
Microsoft Visual Studio Solution File, Format Version 12.00
# Visual Studio Version 17
VisualStudioVersion = 17.14.36202.13 d17.14
MinimumVisualStudioVersion = 10.0.40219.1
Project("{FAE04EC0-301F-11D3-BF4B-00C04F79EFBC}") = "RoboticInterface", "RoboticInterface.csproj", "{9B9D12C9-D7C1-4B7D-908F-B68DFD034858}"
EndProject
Global
	GlobalSection(SolutionConfigurationPlatforms) = preSolution
		Debug|Any CPU = Debug|Any CPU
		Release|Any CPU = Release|Any CPU
	EndGlobalSection
	GlobalSection(ProjectConfigurationPlatforms) = postSolution
		{9B9D12C9-D7C1-4B7D-908F-B68DFD034858}.Debug|Any CPU.ActiveCfg = Debug|Any CPU
		{9B9D12C9-D7C1-4B7D-908F-B68DFD034858}.Debug|Any CPU.Build.0 = Debug|Any CPU
		{9B9D12C9-D7C1-4B7D-908F-B68DFD034858}.Release|Any CPU.ActiveCfg = Release|Any CPU
		{9B9D12C9-D7C1-4B7D-908F-B68DFD034858}.Release|Any CPU.Build.0 = Release|Any CPU
	EndGlobalSection
	GlobalSection(SolutionProperties) = preSolution
		HideSolutionNode = FALSE
	EndGlobalSection
	GlobalSection(ExtensibilityGlobals) = postSolution
		SolutionGuid = {D07CA6A5-A8EB-4BD5-9D9A-F36825750AC7}
	EndGlobalSection
EndGlobal
