
Microsoft Visual Studio Solution File, Format Version 12.00
# Visual Studio Version 17
VisualStudioVersion = 17.14.36202.13 d17.14
MinimumVisualStudioVersion = 10.0.40219.1
Project("{FAE04EC0-301F-11D3-BF4B-00C04F79EFBC}") = "PackingInventory", "PackingInventory.csproj", "{BC712DDC-7C12-4B8D-8DA0-41C9A88DDEBF}"
EndProject
Global
	GlobalSection(SolutionConfigurationPlatforms) = preSolution
		Debug|Any CPU = Debug|Any CPU
		Release|Any CPU = Release|Any CPU
	EndGlobalSection
	GlobalSection(ProjectConfigurationPlatforms) = postSolution
		{BC712DDC-7C12-4B8D-8DA0-41C9A88DDEBF}.Debug|Any CPU.ActiveCfg = Debug|Any CPU
		{BC712DDC-7C12-4B8D-8DA0-41C9A88DDEBF}.Debug|Any CPU.Build.0 = Debug|Any CPU
		{BC712DDC-7C12-4B8D-8DA0-41C9A88DDEBF}.Release|Any CPU.ActiveCfg = Release|Any CPU
		{BC712DDC-7C12-4B8D-8DA0-41C9A88DDEBF}.Release|Any CPU.Build.0 = Release|Any CPU
	EndGlobalSection
	GlobalSection(SolutionProperties) = preSolution
		HideSolutionNode = FALSE
	EndGlobalSection
	GlobalSection(ExtensibilityGlobals) = postSolution
		SolutionGuid = {DC08BF10-26F9-4711-BD00-BDC425323910}
	EndGlobalSection
EndGlobal
