
Microsoft Visual Studio Solution File, Format Version 12.00
# Visual Studio Version 17
VisualStudioVersion = 17.14.36202.13 d17.14
MinimumVisualStudioVersion = 10.0.40219.1
Project("{FAE04EC0-301F-11D3-BF4B-00C04F79EFBC}") = "TheTriangleFarmer", "TheTriangleFarmer.csproj", "{92A85132-2C7B-40A4-A079-7F5B2F181D3C}"
EndProject
Global
	GlobalSection(SolutionConfigurationPlatforms) = preSolution
		Debug|Any CPU = Debug|Any CPU
		Release|Any CPU = Release|Any CPU
	EndGlobalSection
	GlobalSection(ProjectConfigurationPlatforms) = postSolution
		{92A85132-2C7B-40A4-A079-7F5B2F181D3C}.Debug|Any CPU.ActiveCfg = Debug|Any CPU
		{92A85132-2C7B-40A4-A079-7F5B2F181D3C}.Debug|Any CPU.Build.0 = Debug|Any CPU
		{92A85132-2C7B-40A4-A079-7F5B2F181D3C}.Release|Any CPU.ActiveCfg = Release|Any CPU
		{92A85132-2C7B-40A4-A079-7F5B2F181D3C}.Release|Any CPU.Build.0 = Release|Any CPU
	EndGlobalSection
	GlobalSection(SolutionProperties) = preSolution
		HideSolutionNode = FALSE
	EndGlobalSection
	GlobalSection(ExtensibilityGlobals) = postSolution
		SolutionGuid = {5D34B72B-282D-41DD-A8B8-2F5735E614FD}
	EndGlobalSection
EndGlobal
