
Microsoft Visual Studio Solution File, Format Version 12.00
# Visual Studio Version 17
VisualStudioVersion = 17.14.36202.13 d17.14
MinimumVisualStudioVersion = 10.0.40219.1
Project("{FAE04EC0-301F-11D3-BF4B-00C04F79EFBC}") = "VinsTrouble", "VinsTrouble.csproj", "{2FE62F11-F42A-4179-82C7-16745716CBAD}"
EndProject
Global
	GlobalSection(SolutionConfigurationPlatforms) = preSolution
		Debug|Any CPU = Debug|Any CPU
		Release|Any CPU = Release|Any CPU
	EndGlobalSection
	GlobalSection(ProjectConfigurationPlatforms) = postSolution
		{2FE62F11-F42A-4179-82C7-16745716CBAD}.Debug|Any CPU.ActiveCfg = Debug|Any CPU
		{2FE62F11-F42A-4179-82C7-16745716CBAD}.Debug|Any CPU.Build.0 = Debug|Any CPU
		{2FE62F11-F42A-4179-82C7-16745716CBAD}.Release|Any CPU.ActiveCfg = Release|Any CPU
		{2FE62F11-F42A-4179-82C7-16745716CBAD}.Release|Any CPU.Build.0 = Release|Any CPU
	EndGlobalSection
	GlobalSection(SolutionProperties) = preSolution
		HideSolutionNode = FALSE
	EndGlobalSection
	GlobalSection(ExtensibilityGlobals) = postSolution
		SolutionGuid = {95E1BA01-C780-4FEC-8A7D-7E458F63E02F}
	EndGlobalSection
EndGlobal
