
Microsoft Visual Studio Solution File, Format Version 12.00
# Visual Studio Version 17
VisualStudioVersion = 17.14.36202.13 d17.14
MinimumVisualStudioVersion = 10.0.40219.1
Project("{FAE04EC0-301F-11D3-BF4B-00C04F79EFBC}") = "WhatComesNext", "WhatComesNext.csproj", "{2EAFB6FF-8B7E-4F06-A9F5-44C604137B30}"
EndProject
Global
	GlobalSection(SolutionConfigurationPlatforms) = preSolution
		Debug|Any CPU = Debug|Any CPU
		Release|Any CPU = Release|Any CPU
	EndGlobalSection
	GlobalSection(ProjectConfigurationPlatforms) = postSolution
		{2EAFB6FF-8B7E-4F06-A9F5-44C604137B30}.Debug|Any CPU.ActiveCfg = Debug|Any CPU
		{2EAFB6FF-8B7E-4F06-A9F5-44C604137B30}.Debug|Any CPU.Build.0 = Debug|Any CPU
		{2EAFB6FF-8B7E-4F06-A9F5-44C604137B30}.Release|Any CPU.ActiveCfg = Release|Any CPU
		{2EAFB6FF-8B7E-4F06-A9F5-44C604137B30}.Release|Any CPU.Build.0 = Release|Any CPU
	EndGlobalSection
	GlobalSection(SolutionProperties) = preSolution
		HideSolutionNode = FALSE
	EndGlobalSection
	GlobalSection(ExtensibilityGlobals) = postSolution
		SolutionGuid = {F21E3E66-63DC-4A0D-9D6C-818AA689D0E4}
	EndGlobalSection
EndGlobal
