
Microsoft Visual Studio Solution File, Format Version 12.00
# Visual Studio Version 17
VisualStudioVersion = 17.14.36202.13 d17.14
MinimumVisualStudioVersion = 10.0.40219.1
Project("{FAE04EC0-301F-11D3-BF4B-00C04F79EFBC}") = "TheSixStaffsOfElegedd", "TheSixStaffsOfElegedd.csproj", "{4B294169-B378-41C0-AEA1-562CC48E307B}"
EndProject
Global
	GlobalSection(SolutionConfigurationPlatforms) = preSolution
		Debug|Any CPU = Debug|Any CPU
		Release|Any CPU = Release|Any CPU
	EndGlobalSection
	GlobalSection(ProjectConfigurationPlatforms) = postSolution
		{4B294169-B378-41C0-AEA1-562CC48E307B}.Debug|Any CPU.ActiveCfg = Debug|Any CPU
		{4B294169-B378-41C0-AEA1-562CC48E307B}.Debug|Any CPU.Build.0 = Debug|Any CPU
		{4B294169-B378-41C0-AEA1-562CC48E307B}.Release|Any CPU.ActiveCfg = Release|Any CPU
		{4B294169-B378-41C0-AEA1-562CC48E307B}.Release|Any CPU.Build.0 = Release|Any CPU
	EndGlobalSection
	GlobalSection(SolutionProperties) = preSolution
		HideSolutionNode = FALSE
	EndGlobalSection
	GlobalSection(ExtensibilityGlobals) = postSolution
		SolutionGuid = {E66AED91-D5D0-4E3E-828C-92ADA0775E51}
	EndGlobalSection
EndGlobal
