
Microsoft Visual Studio Solution File, Format Version 12.00
# Visual Studio Version 17
VisualStudioVersion = 17.14.36202.13 d17.14
MinimumVisualStudioVersion = 10.0.40219.1
Project("{FAE04EC0-301F-11D3-BF4B-00C04F79EFBC}") = "TheThingNamer3000", "TheThingNamer3000.csproj", "{BBA6DCA9-CA18-483C-9B7D-13B305756FAB}"
EndProject
Global
	GlobalSection(SolutionConfigurationPlatforms) = preSolution
		Debug|Any CPU = Debug|Any CPU
		Release|Any CPU = Release|Any CPU
	EndGlobalSection
	GlobalSection(ProjectConfigurationPlatforms) = postSolution
		{BBA6DCA9-CA18-483C-9B7D-13B305756FAB}.Debug|Any CPU.ActiveCfg = Debug|Any CPU
		{BBA6DCA9-CA18-483C-9B7D-13B305756FAB}.Debug|Any CPU.Build.0 = Debug|Any CPU
		{BBA6DCA9-CA18-483C-9B7D-13B305756FAB}.Release|Any CPU.ActiveCfg = Release|Any CPU
		{BBA6DCA9-CA18-483C-9B7D-13B305756FAB}.Release|Any CPU.Build.0 = Release|Any CPU
	EndGlobalSection
	GlobalSection(SolutionProperties) = preSolution
		HideSolutionNode = FALSE
	EndGlobalSection
	GlobalSection(ExtensibilityGlobals) = postSolution
		SolutionGuid = {8BDAE955-1262-49CF-8F50-B236FA96B635}
	EndGlobalSection
EndGlobal
