
Microsoft Visual Studio Solution File, Format Version 12.00
# Visual Studio Version 17
VisualStudioVersion = 17.14.36202.13 d17.14
MinimumVisualStudioVersion = 10.0.40219.1
Project("{FAE04EC0-301F-11D3-BF4B-00C04F79EFBC}") = "DiscountedInventory", "DiscountedInventory.csproj", "{18DD7766-4894-4B18-BE97-7FF3FBCB454B}"
EndProject
Global
	GlobalSection(SolutionConfigurationPlatforms) = preSolution
		Debug|Any CPU = Debug|Any CPU
		Release|Any CPU = Release|Any CPU
	EndGlobalSection
	GlobalSection(ProjectConfigurationPlatforms) = postSolution
		{18DD7766-4894-4B18-BE97-7FF3FBCB454B}.Debug|Any CPU.ActiveCfg = Debug|Any CPU
		{18DD7766-4894-4B18-BE97-7FF3FBCB454B}.Debug|Any CPU.Build.0 = Debug|Any CPU
		{18DD7766-4894-4B18-BE97-7FF3FBCB454B}.Release|Any CPU.ActiveCfg = Release|Any CPU
		{18DD7766-4894-4B18-BE97-7FF3FBCB454B}.Release|Any CPU.Build.0 = Release|Any CPU
	EndGlobalSection
	GlobalSection(SolutionProperties) = preSolution
		HideSolutionNode = FALSE
	EndGlobalSection
	GlobalSection(ExtensibilityGlobals) = postSolution
		SolutionGuid = {1646DA45-B3C7-4509-BDCF-49B8F167FA0C}
	EndGlobalSection
EndGlobal
