
Microsoft Visual Studio Solution File, Format Version 12.00
# Visual Studio Version 17
VisualStudioVersion = 17.14.36202.13 d17.14
MinimumVisualStudioVersion = 10.0.40219.1
Project("{FAE04EC0-301F-11D3-BF4B-00C04F79EFBC}") = "ANightInTheWastelands", "ANightInTheWastelands.csproj", "{915D0CA4-9CDF-41E0-AB1B-FC906CFD29CD}"
EndProject
Global
	GlobalSection(SolutionConfigurationPlatforms) = preSolution
		Debug|Any CPU = Debug|Any CPU
		Release|Any CPU = Release|Any CPU
	EndGlobalSection
	GlobalSection(ProjectConfigurationPlatforms) = postSolution
		{915D0CA4-9CDF-41E0-AB1B-FC906CFD29CD}.Debug|Any CPU.ActiveCfg = Debug|Any CPU
		{915D0CA4-9CDF-41E0-AB1B-FC906CFD29CD}.Debug|Any CPU.Build.0 = Debug|Any CPU
		{915D0CA4-9CDF-41E0-AB1B-FC906CFD29CD}.Release|Any CPU.ActiveCfg = Release|Any CPU
		{915D0CA4-9CDF-41E0-AB1B-FC906CFD29CD}.Release|Any CPU.Build.0 = Release|Any CPU
	EndGlobalSection
	GlobalSection(SolutionProperties) = preSolution
		HideSolutionNode = FALSE
	EndGlobalSection
	GlobalSection(ExtensibilityGlobals) = postSolution
		SolutionGuid = {0BA96B3A-61CF-49DC-87E4-C4940552783F}
	EndGlobalSection
EndGlobal
